
Microsoft Visual Studio Solution File, Format Version 12.00
# Visual Studio 2013
VisualStudioVersion = 12.0.31101.0
MinimumVisualStudioVersion = 10.0.40219.1
Project("{FAE04EC0-301F-11D3-BF4B-00C04F79EFBC}") = "Control.Center", "Control.Center\Control.Center.csproj", "{FB688741-7046-461A-B6BB-973B6A1A9592}"
EndProject
Project("{2150E333-8FDC-42A3-9474-1A3956D46DE8}") = ".nuget", ".nuget", "{704EBE22-8573-4EBA-95C4-7028056887DB}"
	ProjectSection(SolutionItems) = preProject
		.nuget\NuGet.Config = .nuget\NuGet.Config
		.nuget\NuGet.exe = .nuget\NuGet.exe
		.nuget\NuGet.targets = .nuget\NuGet.targets
	EndProjectSection
EndProject
Global
	GlobalSection(SolutionConfigurationPlatforms) = preSolution
		Debug|Any CPU = Debug|Any CPU
		Release|Any CPU = Release|Any CPU
	EndGlobalSection
	GlobalSection(ProjectConfigurationPlatforms) = postSolution
		{FB688741-7046-461A-B6BB-973B6A1A9592}.Debug|Any CPU.ActiveCfg = Debug|Any CPU
		{FB688741-7046-461A-B6BB-973B6A1A9592}.Debug|Any CPU.Build.0 = Debug|Any CPU
		{FB688741-7046-461A-B6BB-973B6A1A9592}.Release|Any CPU.ActiveCfg = Release|Any CPU
		{FB688741-7046-461A-B6BB-973B6A1A9592}.Release|Any CPU.Build.0 = Release|Any CPU
	EndGlobalSection
	GlobalSection(SolutionProperties) = preSolution
		HideSolutionNode = FALSE
	EndGlobalSection
EndGlobal
